github.com/hashicorp/uuid v0.0.0-20230117211644-212010c9d616 h1:XVHNaBfj9Dp+skr2rRHK3GdgF0m/tsCc/ClnBKrlN0k=
github.com/hashicorp/uuid v0.0.0-20230117211644-212010c9d616/go.mod h1:fHzc09UnyJyqyW+bFuq864eh+wC7dj65aXmXLRe5to0=
github.com/satori/go.uuid v1.2.0 h1:0uYX9dsZ2yD7q2RtLRtPSdGDWzjeM3TbMJP9utgA0ww=
github.com/satori/go.uuid v1.2.0/go.mod h1:dA0hQrYB0VpLJoorglMZABFdXlWrHn1NEOzdhQKdks0=
